
Microsoft Visual Studio Solution File, Format Version 12.00
# Visual Studio Version 16
VisualStudioVersion = 16.0.29215.179
MinimumVisualStudioVersion = 10.0.40219.1
Project("{FAE04EC0-301F-11D3-BF4B-00C04F79EFBC}") = "Sales", "Sales.csproj", "{073AF9D0-EBFC-4772-8EE2-7E6A5DE9F628}"
EndProject
Global
	GlobalSection(SolutionConfigurationPlatforms) = preSolution
		Debug|Any CPU = Debug|Any CPU
		Release|Any CPU = Release|Any CPU
	EndGlobalSection
	GlobalSection(ProjectConfigurationPlatforms) = postSolution
		{073AF9D0-EBFC-4772-8EE2-7E6A5DE9F628}.Debug|Any CPU.ActiveCfg = Debug|Any CPU
		{073AF9D0-EBFC-4772-8EE2-7E6A5DE9F628}.Debug|Any CPU.Build.0 = Debug|Any CPU
		{073AF9D0-EBFC-4772-8EE2-7E6A5DE9F628}.Release|Any CPU.ActiveCfg = Release|Any CPU
		{073AF9D0-EBFC-4772-8EE2-7E6A5DE9F628}.Release|Any CPU.Build.0 = Release|Any CPU
	EndGlobalSection
	GlobalSection(SolutionProperties) = preSolution
		HideSolutionNode = FALSE
	EndGlobalSection
	GlobalSection(ExtensibilityGlobals) = postSolution
		SolutionGuid = {BDECAFBE-1B06-41C7-9FC9-9B042E7793A2}
	EndGlobalSection
EndGlobal
